
Microsoft Visual Studio Solution File, Format Version 12.00
# Visual Studio 15
VisualStudioVersion = 15.0.28307.1022
MinimumVisualStudioVersion = 10.0.40219.1
Project("{FAE04EC0-301F-11D3-BF4B-00C04F79EFBC}") = "Factory.AbstractFactory", "Factory\Factory.AbstractFactory\Factory.AbstractFactory.csproj", "{1E3839F3-6FA9-4125-87CF-3960D795AF05}"
EndProject
Project("{FAE04EC0-301F-11D3-BF4B-00C04F79EFBC}") = "Factory.Problem", "Factory\Factory.Problem\Factory.Problem.csproj", "{31A097D6-F2BE-49A0-887B-7F51F464C801}"
EndProject
Project("{FAE04EC0-301F-11D3-BF4B-00C04F79EFBC}") = "Factory.Solution", "Factory\Factory.Solution\Factory.Solution.csproj", "{45FA6528-58C4-4975-A6E9-6F3959173C68}"
EndProject
Project("{2150E333-8FDC-42A3-9474-1A3956D46DE8}") = "Factory", "Factory", "{74E04977-4F1A-4069-8C45-C4A2D1D8D272}"
EndProject
Project("{2150E333-8FDC-42A3-9474-1A3956D46DE8}") = "Builder", "Builder", "{44F87212-4FB6-4356-ADCB-D159530412C2}"
EndProject
Project("{FAE04EC0-301F-11D3-BF4B-00C04F79EFBC}") = "Builder", "Builder\Builder\Builder.csproj", "{389F0331-8DE0-4E68-BD4E-C38981214812}"
EndProject
Project("{FAE04EC0-301F-11D3-BF4B-00C04F79EFBC}") = "Builder.Exercise", "Builder\Builder.Exercise\Builder.Exercise.csproj", "{862F6F6D-FB92-4201-8FF9-E666C6567726}"
EndProject
Project("{FAE04EC0-301F-11D3-BF4B-00C04F79EFBC}") = "Builder.FacetedBuilder", "Builder\Builder.FacetedBuilder\Builder.FacetedBuilder.csproj", "{68724287-E284-41C1-B90F-1EC47FA7E5F4}"
EndProject
Project("{FAE04EC0-301F-11D3-BF4B-00C04F79EFBC}") = "Builder.Fluent.RecursiveGenerics", "Builder\Builder.Fluent.RecursiveGenerics\Builder.Fluent.RecursiveGenerics.csproj", "{FBC98A63-15CC-4285-8C86-86233F8F3C7F}"
EndProject
Project("{FAE04EC0-301F-11D3-BF4B-00C04F79EFBC}") = "Builder.FunctionalBuilder", "Builder\Builder.FunctionalBuilder\Builder.FunctionalBuilder.csproj", "{980162FD-1A0A-474A-B794-8C5BB5D77961}"
EndProject
Project("{2150E333-8FDC-42A3-9474-1A3956D46DE8}") = "SOLID", "SOLID", "{B0174D90-212E-48E1-A709-6ACF999743B4}"
EndProject
Project("{FAE04EC0-301F-11D3-BF4B-00C04F79EFBC}") = "SOLID.DIP", "SOLID\SOLID.DIP\SOLID.DIP.csproj", "{FF879E8F-A571-4683-BEBD-A1DC49EC0C8B}"
EndProject
Project("{FAE04EC0-301F-11D3-BF4B-00C04F79EFBC}") = "SOLID.ISP", "SOLID\SOLID.ISP\SOLID.ISP.csproj", "{70DAB0A3-2718-4B0E-8929-CF43E363CA6C}"
EndProject
Project("{FAE04EC0-301F-11D3-BF4B-00C04F79EFBC}") = "SOLID.LSP", "SOLID\SOLID.LSP\SOLID.LSP.csproj", "{BC42C99D-24F3-4FCB-A197-BAA2A8174315}"
EndProject
Project("{FAE04EC0-301F-11D3-BF4B-00C04F79EFBC}") = "SOLID.OCP", "SOLID\SOLID.OCP\SOLID.OCP.csproj", "{A091DD10-5AED-426F-AF57-1066932B31A6}"
EndProject
Project("{FAE04EC0-301F-11D3-BF4B-00C04F79EFBC}") = "SOLID.SRP", "SOLID\SOLID.SRP\SOLID.SRP.csproj", "{C22DA396-B22E-422A-BAEC-075E0DE236B2}"
EndProject
Global
	GlobalSection(SolutionConfigurationPlatforms) = preSolution
		Debug|Any CPU = Debug|Any CPU
		Release|Any CPU = Release|Any CPU
	EndGlobalSection
	GlobalSection(ProjectConfigurationPlatforms) = postSolution
		{1E3839F3-6FA9-4125-87CF-3960D795AF05}.Debug|Any CPU.ActiveCfg = Debug|Any CPU
		{1E3839F3-6FA9-4125-87CF-3960D795AF05}.Debug|Any CPU.Build.0 = Debug|Any CPU
		{1E3839F3-6FA9-4125-87CF-3960D795AF05}.Release|Any CPU.ActiveCfg = Release|Any CPU
		{1E3839F3-6FA9-4125-87CF-3960D795AF05}.Release|Any CPU.Build.0 = Release|Any CPU
		{31A097D6-F2BE-49A0-887B-7F51F464C801}.Debug|Any CPU.ActiveCfg = Debug|Any CPU
		{31A097D6-F2BE-49A0-887B-7F51F464C801}.Debug|Any CPU.Build.0 = Debug|Any CPU
		{31A097D6-F2BE-49A0-887B-7F51F464C801}.Release|Any CPU.ActiveCfg = Release|Any CPU
		{31A097D6-F2BE-49A0-887B-7F51F464C801}.Release|Any CPU.Build.0 = Release|Any CPU
		{45FA6528-58C4-4975-A6E9-6F3959173C68}.Debug|Any CPU.ActiveCfg = Debug|Any CPU
		{45FA6528-58C4-4975-A6E9-6F3959173C68}.Debug|Any CPU.Build.0 = Debug|Any CPU
		{45FA6528-58C4-4975-A6E9-6F3959173C68}.Release|Any CPU.ActiveCfg = Release|Any CPU
		{45FA6528-58C4-4975-A6E9-6F3959173C68}.Release|Any CPU.Build.0 = Release|Any CPU
		{389F0331-8DE0-4E68-BD4E-C38981214812}.Debug|Any CPU.ActiveCfg = Debug|Any CPU
		{389F0331-8DE0-4E68-BD4E-C38981214812}.Debug|Any CPU.Build.0 = Debug|Any CPU
		{389F0331-8DE0-4E68-BD4E-C38981214812}.Release|Any CPU.ActiveCfg = Release|Any CPU
		{389F0331-8DE0-4E68-BD4E-C38981214812}.Release|Any CPU.Build.0 = Release|Any CPU
		{862F6F6D-FB92-4201-8FF9-E666C6567726}.Debug|Any CPU.ActiveCfg = Debug|Any CPU
		{862F6F6D-FB92-4201-8FF9-E666C6567726}.Debug|Any CPU.Build.0 = Debug|Any CPU
		{862F6F6D-FB92-4201-8FF9-E666C6567726}.Release|Any CPU.ActiveCfg = Release|Any CPU
		{862F6F6D-FB92-4201-8FF9-E666C6567726}.Release|Any CPU.Build.0 = Release|Any CPU
		{68724287-E284-41C1-B90F-1EC47FA7E5F4}.Debug|Any CPU.ActiveCfg = Debug|Any CPU
		{68724287-E284-41C1-B90F-1EC47FA7E5F4}.Debug|Any CPU.Build.0 = Debug|Any CPU
		{68724287-E284-41C1-B90F-1EC47FA7E5F4}.Release|Any CPU.ActiveCfg = Release|Any CPU
		{68724287-E284-41C1-B90F-1EC47FA7E5F4}.Release|Any CPU.Build.0 = Release|Any CPU
		{FBC98A63-15CC-4285-8C86-86233F8F3C7F}.Debug|Any CPU.ActiveCfg = Debug|Any CPU
		{FBC98A63-15CC-4285-8C86-86233F8F3C7F}.Debug|Any CPU.Build.0 = Debug|Any CPU
		{FBC98A63-15CC-4285-8C86-86233F8F3C7F}.Release|Any CPU.ActiveCfg = Release|Any CPU
		{FBC98A63-15CC-4285-8C86-86233F8F3C7F}.Release|Any CPU.Build.0 = Release|Any CPU
		{980162FD-1A0A-474A-B794-8C5BB5D77961}.Debug|Any CPU.ActiveCfg = Debug|Any CPU
		{980162FD-1A0A-474A-B794-8C5BB5D77961}.Debug|Any CPU.Build.0 = Debug|Any CPU
		{980162FD-1A0A-474A-B794-8C5BB5D77961}.Release|Any CPU.ActiveCfg = Release|Any CPU
		{980162FD-1A0A-474A-B794-8C5BB5D77961}.Release|Any CPU.Build.0 = Release|Any CPU
		{FF879E8F-A571-4683-BEBD-A1DC49EC0C8B}.Debug|Any CPU.ActiveCfg = Debug|Any CPU
		{FF879E8F-A571-4683-BEBD-A1DC49EC0C8B}.Debug|Any CPU.Build.0 = Debug|Any CPU
		{FF879E8F-A571-4683-BEBD-A1DC49EC0C8B}.Release|Any CPU.ActiveCfg = Release|Any CPU
		{FF879E8F-A571-4683-BEBD-A1DC49EC0C8B}.Release|Any CPU.Build.0 = Release|Any CPU
		{70DAB0A3-2718-4B0E-8929-CF43E363CA6C}.Debug|Any CPU.ActiveCfg = Debug|Any CPU
		{70DAB0A3-2718-4B0E-8929-CF43E363CA6C}.Debug|Any CPU.Build.0 = Debug|Any CPU
		{70DAB0A3-2718-4B0E-8929-CF43E363CA6C}.Release|Any CPU.ActiveCfg = Release|Any CPU
		{70DAB0A3-2718-4B0E-8929-CF43E363CA6C}.Release|Any CPU.Build.0 = Release|Any CPU
		{BC42C99D-24F3-4FCB-A197-BAA2A8174315}.Debug|Any CPU.ActiveCfg = Debug|Any CPU
		{BC42C99D-24F3-4FCB-A197-BAA2A8174315}.Debug|Any CPU.Build.0 = Debug|Any CPU
		{BC42C99D-24F3-4FCB-A197-BAA2A8174315}.Release|Any CPU.ActiveCfg = Release|Any CPU
		{BC42C99D-24F3-4FCB-A197-BAA2A8174315}.Release|Any CPU.Build.0 = Release|Any CPU
		{A091DD10-5AED-426F-AF57-1066932B31A6}.Debug|Any CPU.ActiveCfg = Debug|Any CPU
		{A091DD10-5AED-426F-AF57-1066932B31A6}.Debug|Any CPU.Build.0 = Debug|Any CPU
		{A091DD10-5AED-426F-AF57-1066932B31A6}.Release|Any CPU.ActiveCfg = Release|Any CPU
		{A091DD10-5AED-426F-AF57-1066932B31A6}.Release|Any CPU.Build.0 = Release|Any CPU
		{C22DA396-B22E-422A-BAEC-075E0DE236B2}.Debug|Any CPU.ActiveCfg = Debug|Any CPU
		{C22DA396-B22E-422A-BAEC-075E0DE236B2}.Debug|Any CPU.Build.0 = Debug|Any CPU
		{C22DA396-B22E-422A-BAEC-075E0DE236B2}.Release|Any CPU.ActiveCfg = Release|Any CPU
		{C22DA396-B22E-422A-BAEC-075E0DE236B2}.Release|Any CPU.Build.0 = Release|Any CPU
	EndGlobalSection
	GlobalSection(SolutionProperties) = preSolution
		HideSolutionNode = FALSE
	EndGlobalSection
	GlobalSection(NestedProjects) = preSolution
		{1E3839F3-6FA9-4125-87CF-3960D795AF05} = {74E04977-4F1A-4069-8C45-C4A2D1D8D272}
		{31A097D6-F2BE-49A0-887B-7F51F464C801} = {74E04977-4F1A-4069-8C45-C4A2D1D8D272}
		{45FA6528-58C4-4975-A6E9-6F3959173C68} = {74E04977-4F1A-4069-8C45-C4A2D1D8D272}
		{389F0331-8DE0-4E68-BD4E-C38981214812} = {44F87212-4FB6-4356-ADCB-D159530412C2}
		{862F6F6D-FB92-4201-8FF9-E666C6567726} = {44F87212-4FB6-4356-ADCB-D159530412C2}
		{68724287-E284-41C1-B90F-1EC47FA7E5F4} = {44F87212-4FB6-4356-ADCB-D159530412C2}
		{FBC98A63-15CC-4285-8C86-86233F8F3C7F} = {44F87212-4FB6-4356-ADCB-D159530412C2}
		{980162FD-1A0A-474A-B794-8C5BB5D77961} = {44F87212-4FB6-4356-ADCB-D159530412C2}
		{FF879E8F-A571-4683-BEBD-A1DC49EC0C8B} = {B0174D90-212E-48E1-A709-6ACF999743B4}
		{70DAB0A3-2718-4B0E-8929-CF43E363CA6C} = {B0174D90-212E-48E1-A709-6ACF999743B4}
		{BC42C99D-24F3-4FCB-A197-BAA2A8174315} = {B0174D90-212E-48E1-A709-6ACF999743B4}
		{A091DD10-5AED-426F-AF57-1066932B31A6} = {B0174D90-212E-48E1-A709-6ACF999743B4}
		{C22DA396-B22E-422A-BAEC-075E0DE236B2} = {B0174D90-212E-48E1-A709-6ACF999743B4}
	EndGlobalSection
	GlobalSection(ExtensibilityGlobals) = postSolution
		SolutionGuid = {89401AE0-003F-4E3A-8774-DC091D2B75B4}
	EndGlobalSection
EndGlobal
